# This file is automatically @generated by Poetry 1.5.1 and should not be changed by hand.

[[package]]
name = "colorama"
version = "0.4.6"
description = "Cross-platform colored terminal text."
optional = false
python-versions = "!=3.0.*,!=3.1.*,!=3.2.*,!=3.3.*,!=3.4.*,!=3.5.*,!=3.6.*,>=2.7"
files = [
    {file = "colorama-0.4.6-py2.py3-none-any.whl", hash = "sha256:4f1d9991f5acc0ca119f9d443620b77f9d6b33703e51011c16baf57afb285fc6"},
    {file = "colorama-0.4.6.tar.gz", hash = "sha256:08695f5cb7ed6e0531a20572697297273c47b8cae5a63ffc6d6ed5c201be6e44"},
]

[[package]]
name = "ensembl-metadata-service"
version = "0.0.2"
description = "Ensembl Metadata Service"
optional = false
python-versions = ">=3.8"
files = []
develop = false

[package.dependencies]
grpcio = "*"

[package.source]
type = "git"
url = "https://github.com/Ensembl/ensembl-metadata-service.git"
reference = "0.0.2a2"
resolved_reference = "e442e3237aeab18570c0cc228f17a2e9a9b1ea95"

[[package]]
name = "fastapi"
version = "0.57.0"
description = "FastAPI framework, high performance, easy to learn, fast to code, ready for production"
optional = false
python-versions = ">=3.6"
files = [
    {file = "fastapi-0.57.0-py3-none-any.whl", hash = "sha256:6280be6cbee579fc05be2f425bf75af74813fd740a2eb3b758d445abf0bbd280"},
    {file = "fastapi-0.57.0.tar.gz", hash = "sha256:8c03091049987dc9b18a2d6155cd2f1ce18cfea74f397a1f72ddd7945060bb7d"},
]

[package.dependencies]
pydantic = ">=0.32.2,<2.0.0"
starlette = "0.13.4"

[package.extras]
all = ["aiofiles", "async_exit_stack", "async_generator", "email_validator", "graphene", "itsdangerous", "jinja2", "orjson", "python-multipart", "pyyaml", "requests", "ujson", "uvicorn"]
dev = ["autoflake", "flake8", "graphene", "passlib[bcrypt]", "pyjwt", "uvicorn"]
doc = ["markdown-include", "mkdocs", "mkdocs-material", "pyyaml", "typer", "typer-cli"]
test = ["aiofiles", "async_exit_stack", "async_generator", "black", "databases[sqlite]", "email_validator", "flask", "isort", "mypy", "orjson", "peewee", "pytest (>=5.4.3)", "pytest-cov", "python-multipart", "requests", "sqlalchemy"]

[[package]]
name = "grpcio"
version = "1.54.2"
description = "HTTP/2-based RPC framework"
optional = false
python-versions = ">=3.7"
files = [
    {file = "grpcio-1.54.2-cp310-cp310-linux_armv7l.whl", hash = "sha256:40e1cbf69d6741b40f750f3cccc64326f927ac6145a9914d33879e586002350c"},
    {file = "grpcio-1.54.2-cp310-cp310-macosx_12_0_universal2.whl", hash = "sha256:2288d76e4d4aa7ef3fe7a73c1c470b66ea68e7969930e746a8cd8eca6ef2a2ea"},
    {file = "grpcio-1.54.2-cp310-cp310-manylinux_2_17_aarch64.whl", hash = "sha256:c0e3155fc5335ec7b3b70f15230234e529ca3607b20a562b6c75fb1b1218874c"},
    {file = "grpcio-1.54.2-cp310-cp310-manylinux_2_17_i686.manylinux2014_i686.whl", hash = "sha256:9bf88004fe086c786dc56ef8dd6cb49c026833fdd6f42cb853008bce3f907148"},
    {file = "grpcio-1.54.2-cp310-cp310-manylinux_2_17_x86_64.manylinux2014_x86_64.whl", hash = "sha256:2be88c081e33f20630ac3343d8ad9f1125f32987968e9c8c75c051c9800896e8"},
    {file = "grpcio-1.54.2-cp310-cp310-musllinux_1_1_i686.whl", hash = "sha256:33d40954199bddbb6a78f8f6f2b2082660f381cd2583ec860a6c2fa7c8400c08"},
    {file = "grpcio-1.54.2-cp310-cp310-musllinux_1_1_x86_64.whl", hash = "sha256:b52d00d1793d290c81ad6a27058f5224a7d5f527867e5b580742e1bd211afeee"},
    {file = "grpcio-1.54.2-cp310-cp310-win32.whl", hash = "sha256:881d058c5ccbea7cc2c92085a11947b572498a27ef37d3eef4887f499054dca8"},
    {file = "grpcio-1.54.2-cp310-cp310-win_amd64.whl", hash = "sha256:0212e2f7fdf7592e4b9d365087da30cb4d71e16a6f213120c89b4f8fb35a3ab3"},
    {file = "grpcio-1.54.2-cp311-cp311-linux_armv7l.whl", hash = "sha256:1e623e0cf99a0ac114f091b3083a1848dbc64b0b99e181473b5a4a68d4f6f821"},
    {file = "grpcio-1.54.2-cp311-cp311-macosx_10_10_universal2.whl", hash = "sha256:66233ccd2a9371158d96e05d082043d47dadb18cbb294dc5accfdafc2e6b02a7"},
    {file = "grpcio-1.54.2-cp311-cp311-manylinux_2_17_aarch64.whl", hash = "sha256:4cb283f630624ebb16c834e5ac3d7880831b07cbe76cb08ab7a271eeaeb8943e"},
    {file = "grpcio-1.54.2-cp311-cp311-manylinux_2_17_i686.manylinux2014_i686.whl", hash = "sha256:2a1e601ee31ef30a9e2c601d0867e236ac54c922d32ed9f727b70dd5d82600d5"},
    {file = "grpcio-1.54.2-cp311-cp311-manylinux_2_17_x86_64.manylinux2014_x86_64.whl", hash = "sha256:f8da84bbc61a4e92af54dc96344f328e5822d574f767e9b08e1602bb5ddc254a"},
    {file = "grpcio-1.54.2-cp311-cp311-musllinux_1_1_i686.whl", hash = "sha256:5008964885e8d23313c8e5ea0d44433be9bfd7e24482574e8cc43c02c02fc796"},
    {file = "grpcio-1.54.2-cp311-cp311-musllinux_1_1_x86_64.whl", hash = "sha256:a2f5a1f1080ccdc7cbaf1171b2cf384d852496fe81ddedeb882d42b85727f610"},
    {file = "grpcio-1.54.2-cp311-cp311-win32.whl", hash = "sha256:b74ae837368cfffeb3f6b498688a123e6b960951be4dec0e869de77e7fa0439e"},
    {file = "grpcio-1.54.2-cp311-cp311-win_amd64.whl", hash = "sha256:8cdbcbd687e576d48f7886157c95052825ca9948c0ed2afdc0134305067be88b"},
    {file = "grpcio-1.54.2-cp37-cp37m-linux_armv7l.whl", hash = "sha256:782f4f8662a2157c4190d0f99eaaebc602899e84fb1e562a944e5025929e351c"},
    {file = "grpcio-1.54.2-cp37-cp37m-macosx_10_10_universal2.whl", hash = "sha256:714242ad0afa63a2e6dabd522ae22e1d76e07060b5af2ddda5474ba4f14c2c94"},
    {file = "grpcio-1.54.2-cp37-cp37m-manylinux_2_17_aarch64.whl", hash = "sha256:f900ed4ad7a0f1f05d35f955e0943944d5a75f607a836958c6b8ab2a81730ef2"},
    {file = "grpcio-1.54.2-cp37-cp37m-manylinux_2_17_i686.manylinux2014_i686.whl", hash = "sha256:96a41817d2c763b1d0b32675abeb9179aa2371c72aefdf74b2d2b99a1b92417b"},
    {file = "grpcio-1.54.2-cp37-cp37m-manylinux_2_17_x86_64.manylinux2014_x86_64.whl", hash = "sha256:70fcac7b94f4c904152809a050164650ac81c08e62c27aa9f156ac518029ebbe"},
    {file = "grpcio-1.54.2-cp37-cp37m-musllinux_1_1_i686.whl", hash = "sha256:fd6c6c29717724acf9fc1847c4515d57e4dc12762452457b9cb37461f30a81bb"},
    {file = "grpcio-1.54.2-cp37-cp37m-musllinux_1_1_x86_64.whl", hash = "sha256:c2392f5b5d84b71d853918687d806c1aa4308109e5ca158a16e16a6be71041eb"},
    {file = "grpcio-1.54.2-cp37-cp37m-win_amd64.whl", hash = "sha256:51630c92591d6d3fe488a7c706bd30a61594d144bac7dee20c8e1ce78294f474"},
    {file = "grpcio-1.54.2-cp38-cp38-linux_armv7l.whl", hash = "sha256:b04202453941a63b36876a7172b45366dc0cde10d5fd7855c0f4a4e673c0357a"},
    {file = "grpcio-1.54.2-cp38-cp38-macosx_10_10_universal2.whl", hash = "sha256:89dde0ac72a858a44a2feb8e43dc68c0c66f7857a23f806e81e1b7cc7044c9cf"},
    {file = "grpcio-1.54.2-cp38-cp38-manylinux_2_17_aarch64.whl", hash = "sha256:09d4bfd84686cd36fd11fd45a0732c7628308d094b14d28ea74a81db0bce2ed3"},
    {file = "grpcio-1.54.2-cp38-cp38-manylinux_2_17_i686.manylinux2014_i686.whl", hash = "sha256:7fc2b4edb938c8faa4b3c3ea90ca0dd89b7565a049e8e4e11b77e60e4ed2cc05"},
    {file = "grpcio-1.54.2-cp38-cp38-manylinux_2_17_x86_64.manylinux2014_x86_64.whl", hash = "sha256:61f7203e2767800edee7a1e1040aaaf124a35ce0c7fe0883965c6b762defe598"},
    {file = "grpcio-1.54.2-cp38-cp38-musllinux_1_1_i686.whl", hash = "sha256:e416c8baf925b5a1aff31f7f5aecc0060b25d50cce3a5a7255dc5cf2f1d4e5eb"},
    {file = "grpcio-1.54.2-cp38-cp38-musllinux_1_1_x86_64.whl", hash = "sha256:dc80c9c6b608bf98066a038e0172013a49cfa9a08d53335aefefda2c64fc68f4"},
    {file = "grpcio-1.54.2-cp38-cp38-win32.whl", hash = "sha256:8d6192c37a30a115f4663592861f50e130caed33efc4eec24d92ec881c92d771"},
    {file = "grpcio-1.54.2-cp38-cp38-win_amd64.whl", hash = "sha256:46a057329938b08e5f0e12ea3d7aed3ecb20a0c34c4a324ef34e00cecdb88a12"},
    {file = "grpcio-1.54.2-cp39-cp39-linux_armv7l.whl", hash = "sha256:2296356b5c9605b73ed6a52660b538787094dae13786ba53080595d52df13a98"},
    {file = "grpcio-1.54.2-cp39-cp39-macosx_10_10_universal2.whl", hash = "sha256:c72956972e4b508dd39fdc7646637a791a9665b478e768ffa5f4fe42123d5de1"},
    {file = "grpcio-1.54.2-cp39-cp39-manylinux_2_17_aarch64.whl", hash = "sha256:9bdbb7624d65dc0ed2ed8e954e79ab1724526f09b1efa88dcd9a1815bf28be5f"},
    {file = "grpcio-1.54.2-cp39-cp39-manylinux_2_17_i686.manylinux2014_i686.whl", hash = "sha256:4c44e1a765b31e175c391f22e8fc73b2a2ece0e5e6ff042743d8109b5d2eff9f"},
    {file = "grpcio-1.54.2-cp39-cp39-manylinux_2_17_x86_64.manylinux2014_x86_64.whl", hash = "sha256:5cc928cfe6c360c1df636cf7991ab96f059666ac7b40b75a769410cc6217df9c"},
    {file = "grpcio-1.54.2-cp39-cp39-musllinux_1_1_i686.whl", hash = "sha256:a08920fa1a97d4b8ee5db2f31195de4a9def1a91bc003544eb3c9e6b8977960a"},
    {file = "grpcio-1.54.2-cp39-cp39-musllinux_1_1_x86_64.whl", hash = "sha256:4864f99aac207e3e45c5e26c6cbb0ad82917869abc2f156283be86c05286485c"},
    {file = "grpcio-1.54.2-cp39-cp39-win32.whl", hash = "sha256:b38b3de8cff5bc70f8f9c615f51b48eff7313fc9aca354f09f81b73036e7ddfa"},
    {file = "grpcio-1.54.2-cp39-cp39-win_amd64.whl", hash = "sha256:be48496b0e00460717225e7680de57c38be1d8629dc09dadcd1b3389d70d942b"},
    {file = "grpcio-1.54.2.tar.gz", hash = "sha256:50a9f075eeda5097aa9a182bb3877fe1272875e45370368ac0ee16ab9e22d019"},
]

[package.extras]
protobuf = ["grpcio-tools (>=1.54.2)"]

[[package]]
name = "loguru"
version = "0.5.3"
description = "Python logging made (stupidly) simple"
optional = false
python-versions = ">=3.5"
files = [
    {file = "loguru-0.5.3-py3-none-any.whl", hash = "sha256:f8087ac396b5ee5f67c963b495d615ebbceac2796379599820e324419d53667c"},
    {file = "loguru-0.5.3.tar.gz", hash = "sha256:b28e72ac7a98be3d28ad28570299a393dfcd32e5e3f6a353dec94675767b6319"},
]

[package.dependencies]
colorama = {version = ">=0.3.4", markers = "sys_platform == \"win32\""}
win32-setctime = {version = ">=1.0.0", markers = "sys_platform == \"win32\""}

[package.extras]
dev = ["Sphinx (>=2.2.1)", "black (>=19.10b0)", "codecov (>=2.0.15)", "colorama (>=0.3.4)", "flake8 (>=3.7.7)", "isort (>=5.1.1)", "pytest (>=4.6.2)", "pytest-cov (>=2.7.1)", "sphinx-autobuild (>=0.7.1)", "sphinx-rtd-theme (>=0.4.3)", "tox (>=3.9.0)", "tox-travis (>=0.12)"]

[[package]]
name = "protobuf"
version = "3.20.0"
description = "Protocol Buffers"
optional = false
python-versions = ">=3.7"
files = [
    {file = "protobuf-3.20.0-cp310-cp310-macosx_10_9_universal2.whl", hash = "sha256:9d0f3aca8ca51c8b5e204ab92bd8afdb2a8e3df46bd0ce0bd39065d79aabcaa4"},
    {file = "protobuf-3.20.0-cp310-cp310-manylinux2014_aarch64.whl", hash = "sha256:001c2160c03b6349c04de39cf1a58e342750da3632f6978a1634a3dcca1ec10e"},
    {file = "protobuf-3.20.0-cp310-cp310-manylinux_2_12_x86_64.manylinux2010_x86_64.whl", hash = "sha256:5b5860b790498f233cdc8d635a17fc08de62e59d4dcd8cdb6c6c0d38a31edf2b"},
    {file = "protobuf-3.20.0-cp310-cp310-win32.whl", hash = "sha256:0b250c60256c8824219352dc2a228a6b49987e5bf94d3ffcf4c46585efcbd499"},
    {file = "protobuf-3.20.0-cp310-cp310-win_amd64.whl", hash = "sha256:a1eebb6eb0653e594cb86cd8e536b9b083373fca9aba761ade6cd412d46fb2ab"},
    {file = "protobuf-3.20.0-cp36-cp36m-macosx_10_9_x86_64.whl", hash = "sha256:bc14037281db66aa60856cd4ce4541a942040686d290e3f3224dd3978f88f554"},
    {file = "protobuf-3.20.0-cp36-cp36m-manylinux_2_5_x86_64.manylinux1_x86_64.whl", hash = "sha256:47257d932de14a7b6c4ae1b7dbf592388153ee35ec7cae216b87ae6490ed39a3"},
    {file = "protobuf-3.20.0-cp37-cp37m-macosx_10_9_x86_64.whl", hash = "sha256:fbcbb068ebe67c4ff6483d2e2aa87079c325f8470b24b098d6bf7d4d21d57a69"},
    {file = "protobuf-3.20.0-cp37-cp37m-manylinux2014_aarch64.whl", hash = "sha256:542f25a4adf3691a306dcc00bf9a73176554938ec9b98f20f929a044f80acf1b"},
    {file = "protobuf-3.20.0-cp37-cp37m-manylinux_2_5_x86_64.manylinux1_x86_64.whl", hash = "sha256:fd7133b885e356fa4920ead8289bb45dc6f185a164e99e10279f33732ed5ce15"},
    {file = "protobuf-3.20.0-cp37-cp37m-win32.whl", hash = "sha256:8d84453422312f8275455d1cb52d850d6a4d7d714b784e41b573c6f5bfc2a029"},
    {file = "protobuf-3.20.0-cp37-cp37m-win_amd64.whl", hash = "sha256:52bae32a147c375522ce09bd6af4d2949aca32a0415bc62df1456b3ad17c6001"},
    {file = "protobuf-3.20.0-cp38-cp38-macosx_10_9_x86_64.whl", hash = "sha256:25d2fcd6eef340082718ec9ad2c58d734429f2b1f7335d989523852f2bba220b"},
    {file = "protobuf-3.20.0-cp38-cp38-manylinux2014_aarch64.whl", hash = "sha256:88c8be0558bdfc35e68c42ae5bf785eb9390d25915d4863bbc7583d23da77074"},
    {file = "protobuf-3.20.0-cp38-cp38-manylinux_2_5_x86_64.manylinux1_x86_64.whl", hash = "sha256:38fd9eb74b852e4ee14b16e9670cd401d147ee3f3ec0d4f7652e0c921d6227f8"},
    {file = "protobuf-3.20.0-cp38-cp38-win32.whl", hash = "sha256:7dcd84dc31ebb35ade755e06d1561d1bd3b85e85dbdbf6278011fc97b22810db"},
    {file = "protobuf-3.20.0-cp38-cp38-win_amd64.whl", hash = "sha256:1eb13f5a5a59ca4973bcfa2fc8fff644bd39f2109c3f7a60bd5860cb6a49b679"},
    {file = "protobuf-3.20.0-cp39-cp39-macosx_10_9_x86_64.whl", hash = "sha256:1d24c81c2310f0063b8fc1c20c8ed01f3331be9374b4b5c2de846f69e11e21fb"},
    {file = "protobuf-3.20.0-cp39-cp39-manylinux2014_aarch64.whl", hash = "sha256:8be43a91ab66fe995e85ccdbdd1046d9f0443d59e060c0840319290de25b7d33"},
    {file = "protobuf-3.20.0-cp39-cp39-manylinux_2_5_x86_64.manylinux1_x86_64.whl", hash = "sha256:7a53d4035427b9dbfbb397f46642754d294f131e93c661d056366f2a31438263"},
    {file = "protobuf-3.20.0-cp39-cp39-win32.whl", hash = "sha256:32bf4a90c207a0b4e70ca6dd09d43de3cb9898f7d5b69c2e9e3b966a7f342820"},
    {file = "protobuf-3.20.0-cp39-cp39-win_amd64.whl", hash = "sha256:6efe066a7135233f97ce51a1aa007d4fb0be28ef093b4f88dac4ad1b3a2b7b6f"},
    {file = "protobuf-3.20.0-py2.py3-none-any.whl", hash = "sha256:4eda68bd9e2a4879385e6b1ea528c976f59cd9728382005cc54c28bcce8db983"},
    {file = "protobuf-3.20.0.tar.gz", hash = "sha256:71b2c3d1cd26ed1ec7c8196834143258b2ad7f444efff26fdc366c6f5e752702"},
]

[[package]]
name = "pydantic"
version = "1.10.9"
description = "Data validation and settings management using python type hints"
optional = false
python-versions = ">=3.7"
files = [
    {file = "pydantic-1.10.9-cp310-cp310-macosx_10_9_x86_64.whl", hash = "sha256:e692dec4a40bfb40ca530e07805b1208c1de071a18d26af4a2a0d79015b352ca"},
    {file = "pydantic-1.10.9-cp310-cp310-macosx_11_0_arm64.whl", hash = "sha256:3c52eb595db83e189419bf337b59154bdcca642ee4b2a09e5d7797e41ace783f"},
    {file = "pydantic-1.10.9-cp310-cp310-manylinux_2_17_x86_64.manylinux2014_x86_64.whl", hash = "sha256:939328fd539b8d0edf244327398a667b6b140afd3bf7e347cf9813c736211896"},
    {file = "pydantic-1.10.9-cp310-cp310-manylinux_2_5_i686.manylinux1_i686.manylinux_2_17_i686.manylinux2014_i686.whl", hash = "sha256:b48d3d634bca23b172f47f2335c617d3fcb4b3ba18481c96b7943a4c634f5c8d"},
    {file = "pydantic-1.10.9-cp310-cp310-musllinux_1_1_i686.whl", hash = "sha256:f0b7628fb8efe60fe66fd4adadd7ad2304014770cdc1f4934db41fe46cc8825f"},
    {file = "pydantic-1.10.9-cp310-cp310-musllinux_1_1_x86_64.whl", hash = "sha256:e1aa5c2410769ca28aa9a7841b80d9d9a1c5f223928ca8bec7e7c9a34d26b1d4"},
    {file = "pydantic-1.10.9-cp310-cp310-win_amd64.whl", hash = "sha256:eec39224b2b2e861259d6f3c8b6290d4e0fbdce147adb797484a42278a1a486f"},
    {file = "pydantic-1.10.9-cp311-cp311-macosx_10_9_x86_64.whl", hash = "sha256:d111a21bbbfd85c17248130deac02bbd9b5e20b303338e0dbe0faa78330e37e0"},
    {file = "pydantic-1.10.9-cp311-cp311-macosx_11_0_arm64.whl", hash = "sha256:2e9aec8627a1a6823fc62fb96480abe3eb10168fd0d859ee3d3b395105ae19a7"},
    {file = "pydantic-1.10.9-cp311-cp311-manylinux_2_17_x86_64.manylinux2014_x86_64.whl", hash = "sha256:07293ab08e7b4d3c9d7de4949a0ea571f11e4557d19ea24dd3ae0c524c0c334d"},
    {file = "pydantic-1.10.9-cp311-cp311-manylinux_2_5_i686.manylinux1_i686.manylinux_2_17_i686.manylinux2014_i686.whl", hash = "sha256:7ee829b86ce984261d99ff2fd6e88f2230068d96c2a582f29583ed602ef3fc2c"},
    {file = "pydantic-1.10.9-cp311-cp311-musllinux_1_1_i686.whl", hash = "sha256:4b466a23009ff5cdd7076eb56aca537c745ca491293cc38e72bf1e0e00de5b91"},
    {file = "pydantic-1.10.9-cp311-cp311-musllinux_1_1_x86_64.whl", hash = "sha256:7847ca62e581e6088d9000f3c497267868ca2fa89432714e21a4fb33a04d52e8"},
    {file = "pydantic-1.10.9-cp311-cp311-win_amd64.whl", hash = "sha256:7845b31959468bc5b78d7b95ec52fe5be32b55d0d09983a877cca6aedc51068f"},
    {file = "pydantic-1.10.9-cp37-cp37m-macosx_10_9_x86_64.whl", hash = "sha256:517a681919bf880ce1dac7e5bc0c3af1e58ba118fd774da2ffcd93c5f96eaece"},
    {file = "pydantic-1.10.9-cp37-cp37m-manylinux_2_17_x86_64.manylinux2014_x86_64.whl", hash = "sha256:67195274fd27780f15c4c372f4ba9a5c02dad6d50647b917b6a92bf00b3d301a"},
    {file = "pydantic-1.10.9-cp37-cp37m-manylinux_2_5_i686.manylinux1_i686.manylinux_2_17_i686.manylinux2014_i686.whl", hash = "sha256:2196c06484da2b3fded1ab6dbe182bdabeb09f6318b7fdc412609ee2b564c49a"},
    {file = "pydantic-1.10.9-cp37-cp37m-musllinux_1_1_i686.whl", hash = "sha256:6257bb45ad78abacda13f15bde5886efd6bf549dd71085e64b8dcf9919c38b60"},
    {file = "pydantic-1.10.9-cp37-cp37m-musllinux_1_1_x86_64.whl", hash = "sha256:3283b574b01e8dbc982080d8287c968489d25329a463b29a90d4157de4f2baaf"},
    {file = "pydantic-1.10.9-cp37-cp37m-win_amd64.whl", hash = "sha256:5f8bbaf4013b9a50e8100333cc4e3fa2f81214033e05ac5aa44fa24a98670a29"},
    {file = "pydantic-1.10.9-cp38-cp38-macosx_10_9_x86_64.whl", hash = "sha256:b9cd67fb763248cbe38f0593cd8611bfe4b8ad82acb3bdf2b0898c23415a1f82"},
    {file = "pydantic-1.10.9-cp38-cp38-macosx_11_0_arm64.whl", hash = "sha256:f50e1764ce9353be67267e7fd0da08349397c7db17a562ad036aa7c8f4adfdb6"},
    {file = "pydantic-1.10.9-cp38-cp38-manylinux_2_17_x86_64.manylinux2014_x86_64.whl", hash = "sha256:73ef93e5e1d3c8e83f1ff2e7fdd026d9e063c7e089394869a6e2985696693766"},
    {file = "pydantic-1.10.9-cp38-cp38-manylinux_2_5_i686.manylinux1_i686.manylinux_2_17_i686.manylinux2014_i686.whl", hash = "sha256:128d9453d92e6e81e881dd7e2484e08d8b164da5507f62d06ceecf84bf2e21d3"},
    {file = "pydantic-1.10.9-cp38-cp38-musllinux_1_1_i686.whl", hash = "sha256:ad428e92ab68798d9326bb3e5515bc927444a3d71a93b4a2ca02a8a5d795c572"},
    {file = "pydantic-1.10.9-cp38-cp38-musllinux_1_1_x86_64.whl", hash = "sha256:fab81a92f42d6d525dd47ced310b0c3e10c416bbfae5d59523e63ea22f82b31e"},
    {file = "pydantic-1.10.9-cp38-cp38-win_amd64.whl", hash = "sha256:963671eda0b6ba6926d8fc759e3e10335e1dc1b71ff2a43ed2efd6996634dafb"},
    {file = "pydantic-1.10.9-cp39-cp39-macosx_10_9_x86_64.whl", hash = "sha256:970b1bdc6243ef663ba5c7e36ac9ab1f2bfecb8ad297c9824b542d41a750b298"},
    {file = "pydantic-1.10.9-cp39-cp39-macosx_11_0_arm64.whl", hash = "sha256:7e1d5290044f620f80cf1c969c542a5468f3656de47b41aa78100c5baa2b8276"},
    {file = "pydantic-1.10.9-cp39-cp39-manylinux_2_17_x86_64.manylinux2014_x86_64.whl", hash = "sha256:83fcff3c7df7adff880622a98022626f4f6dbce6639a88a15a3ce0f96466cb60"},
    {file = "pydantic-1.10.9-cp39-cp39-manylinux_2_5_i686.manylinux1_i686.manylinux_2_17_i686.manylinux2014_i686.whl", hash = "sha256:0da48717dc9495d3a8f215e0d012599db6b8092db02acac5e0d58a65248ec5bc"},
    {file = "pydantic-1.10.9-cp39-cp39-musllinux_1_1_i686.whl", hash = "sha256:0a2aabdc73c2a5960e87c3ffebca6ccde88665616d1fd6d3db3178ef427b267a"},
    {file = "pydantic-1.10.9-cp39-cp39-musllinux_1_1_x86_64.whl", hash = "sha256:9863b9420d99dfa9c064042304868e8ba08e89081428a1c471858aa2af6f57c4"},
    {file = "pydantic-1.10.9-cp39-cp39-win_amd64.whl", hash = "sha256:e7c9900b43ac14110efa977be3da28931ffc74c27e96ee89fbcaaf0b0fe338e1"},
    {file = "pydantic-1.10.9-py3-none-any.whl", hash = "sha256:6cafde02f6699ce4ff643417d1a9223716ec25e228ddc3b436fe7e2d25a1f305"},
    {file = "pydantic-1.10.9.tar.gz", hash = "sha256:95c70da2cd3b6ddf3b9645ecaa8d98f3d80c606624b6d245558d202cd23ea3be"},
]

[package.dependencies]
typing-extensions = ">=4.2.0"

[package.extras]
dotenv = ["python-dotenv (>=0.10.4)"]
email = ["email-validator (>=1.0.3)"]

[[package]]
name = "starlette"
version = "0.13.4"
description = "The little ASGI library that shines."
optional = false
python-versions = ">=3.6"
files = [
    {file = "starlette-0.13.4-py3-none-any.whl", hash = "sha256:0fb4b38d22945b46acb880fedee7ee143fd6c0542992501be8c45c0ed737dd1a"},
    {file = "starlette-0.13.4.tar.gz", hash = "sha256:04fe51d86fd9a594d9b71356ed322ccde5c9b448fc716ac74155e5821a922f8d"},
]

[package.extras]
full = ["aiofiles", "graphene", "itsdangerous", "jinja2", "python-multipart", "pyyaml", "requests", "ujson"]

[[package]]
name = "typing-extensions"
version = "4.6.3"
description = "Backported and Experimental Type Hints for Python 3.7+"
optional = false
python-versions = ">=3.7"
files = [
    {file = "typing_extensions-4.6.3-py3-none-any.whl", hash = "sha256:88a4153d8505aabbb4e13aacb7c486c2b4a33ca3b3f807914a9b4c844c471c26"},
    {file = "typing_extensions-4.6.3.tar.gz", hash = "sha256:d91d5919357fe7f681a9f2b5b4cb2a5f1ef0a1e9f59c4d8ff0d3491e05c0ffd5"},
]

[[package]]
name = "win32-setctime"
version = "1.1.0"
description = "A small Python utility to set file creation time on Windows"
optional = false
python-versions = ">=3.5"
files = [
    {file = "win32_setctime-1.1.0-py3-none-any.whl", hash = "sha256:231db239e959c2fe7eb1d7dc129f11172354f98361c4fa2d6d2d7e278baa8aad"},
    {file = "win32_setctime-1.1.0.tar.gz", hash = "sha256:15cf5750465118d6929ae4de4eb46e8edae9a5634350c01ba582df868e932cb2"},
]

[package.extras]
dev = ["black (>=19.3b0)", "pytest (>=4.6.2)"]

[metadata]
lock-version = "2.0"
python-versions = "^3.8"
content-hash = "fc5a08df651c365af92b9b828ea50f5cb78c2522eada8320863287ed0e894123"
